
Microsoft Visual Studio Solution File, Format Version 12.00
# Visual Studio 15
VisualStudioVersion = 15.0.26430.13
MinimumVisualStudioVersion = 10.0.40219.1
Project("{FAE04EC0-301F-11D3-BF4B-00C04F79EFBC}") = "TerraTex-RL-RPG", "TerraTex-RL-RPG\TerraTex-RL-RPG.csproj", "{385EE243-0DD0-4FBF-9D33-376E50520874}"
EndProject
Project("{2150E333-8FDC-42A3-9474-1A3956D46DE8}") = "SonarQube", "SonarQube", "{1B8F2EF5-A4DA-4AC2-8010-365667F508BF}"
	ProjectSection(SolutionItems) = preProject
		SonarQube\SolutionBinding.sqconfig = SonarQube\SolutionBinding.sqconfig
		SonarQube\terratex_gtmp-rl-rpgCSharp.ruleset = SonarQube\terratex_gtmp-rl-rpgCSharp.ruleset
	EndProjectSection
EndProject
Global
	GlobalSection(SolutionConfigurationPlatforms) = preSolution
		Debug|Any CPU = Debug|Any CPU
		Release|Any CPU = Release|Any CPU
	EndGlobalSection
	GlobalSection(ProjectConfigurationPlatforms) = postSolution
		{385EE243-0DD0-4FBF-9D33-376E50520874}.Debug|Any CPU.ActiveCfg = Debug|Any CPU
		{385EE243-0DD0-4FBF-9D33-376E50520874}.Debug|Any CPU.Build.0 = Debug|Any CPU
		{385EE243-0DD0-4FBF-9D33-376E50520874}.Release|Any CPU.ActiveCfg = Release|Any CPU
		{385EE243-0DD0-4FBF-9D33-376E50520874}.Release|Any CPU.Build.0 = Release|Any CPU
	EndGlobalSection
	GlobalSection(SolutionProperties) = preSolution
		HideSolutionNode = FALSE
	EndGlobalSection
EndGlobal
